
Microsoft Visual Studio Solution File, Format Version 12.00
# Visual Studio Version 17
VisualStudioVersion = 17.4.32916.344
MinimumVisualStudioVersion = 10.0.40219.1
Project("{FAE04EC0-301F-11D3-BF4B-00C04F79EFBC}") = "TwoSumCsharp", "TwoSumCsharp.csproj", "{F186C943-2441-4B4A-A71A-524B555FD3CD}"
EndProject
Global
	GlobalSection(SolutionConfigurationPlatforms) = preSolution
		Debug|Any CPU = Debug|Any CPU
		Release|Any CPU = Release|Any CPU
	EndGlobalSection
	GlobalSection(ProjectConfigurationPlatforms) = postSolution
		{F186C943-2441-4B4A-A71A-524B555FD3CD}.Debug|Any CPU.ActiveCfg = Debug|Any CPU
		{F186C943-2441-4B4A-A71A-524B555FD3CD}.Debug|Any CPU.Build.0 = Debug|Any CPU
		{F186C943-2441-4B4A-A71A-524B555FD3CD}.Release|Any CPU.ActiveCfg = Release|Any CPU
		{F186C943-2441-4B4A-A71A-524B555FD3CD}.Release|Any CPU.Build.0 = Release|Any CPU
	EndGlobalSection
	GlobalSection(SolutionProperties) = preSolution
		HideSolutionNode = FALSE
	EndGlobalSection
	GlobalSection(ExtensibilityGlobals) = postSolution
		SolutionGuid = {4A3A0A21-6DDD-4975-8A89-F32C46290724}
	EndGlobalSection
EndGlobal
